
Microsoft Visual Studio Solution File, Format Version 12.00
# Visual Studio Version 17
VisualStudioVersion = 17.8.34322.80
MinimumVisualStudioVersion = 10.0.40219.1
Project("{FAE04EC0-301F-11D3-BF4B-00C04F79EFBC}") = "Vetor", "Vetor.csproj", "{3F04E985-A46C-42EE-8790-C8C4A82480FD}"
EndProject
Global
	GlobalSection(SolutionConfigurationPlatforms) = preSolution
		Debug|Any CPU = Debug|Any CPU
		Release|Any CPU = Release|Any CPU
	EndGlobalSection
	GlobalSection(ProjectConfigurationPlatforms) = postSolution
		{3F04E985-A46C-42EE-8790-C8C4A82480FD}.Debug|Any CPU.ActiveCfg = Debug|Any CPU
		{3F04E985-A46C-42EE-8790-C8C4A82480FD}.Debug|Any CPU.Build.0 = Debug|Any CPU
		{3F04E985-A46C-42EE-8790-C8C4A82480FD}.Release|Any CPU.ActiveCfg = Release|Any CPU
		{3F04E985-A46C-42EE-8790-C8C4A82480FD}.Release|Any CPU.Build.0 = Release|Any CPU
	EndGlobalSection
	GlobalSection(SolutionProperties) = preSolution
		HideSolutionNode = FALSE
	EndGlobalSection
	GlobalSection(ExtensibilityGlobals) = postSolution
		SolutionGuid = {BEABF233-46CF-4104-B4E1-79ED57CFED55}
	EndGlobalSection
EndGlobal
